
Microsoft Visual Studio Solution File, Format Version 11.00
# Visual Studio 2010
Project("{2150E333-8FDC-42A3-9474-1A3956D46DE8}") = "Abstractions", "Abstractions", "{D0EF7B40-E356-470F-886A-5AB58C98950A}"
EndProject
Project("{FAE04EC0-301F-11D3-BF4B-00C04F79EFBC}") = "CommonInclude", "Abstractions\abscommon\CommonInclude\CommonInclude.csproj", "{B898C2F7-F3ED-4D25-934C-04131CA15808}"
EndProject
Project("{FAE04EC0-301F-11D3-BF4B-00C04F79EFBC}") = "OfficeSharedAddInABS", "Abstractions\OfficeSharedAddInABS\OfficeSharedAddInABS.csproj", "{DCFF0C76-64D8-4B16-81D2-C7DCF98AF22C}"
EndProject
Project("{2150E333-8FDC-42A3-9474-1A3956D46DE8}") = "Apps", "Apps", "{A9A6DA80-3E0B-4139-AC26-5BBEC4AA6EAB}"
EndProject
Project("{FAE04EC0-301F-11D3-BF4B-00C04F79EFBC}") = "PresentationTracker", "Apps\PresentationTracker\PresentationTracker\PresentationTracker.csproj", "{C23084BC-0279-49C3-AFF7-95EC87CE54F3}"
EndProject
Project("{FAE04EC0-301F-11D3-BF4B-00C04F79EFBC}") = "ServiceLayerABS", "Abstractions\ServiceLayerABS\ServiceLayerABS.csproj", "{5B49BA70-D877-49BF-8437-E709A6FFE9E1}"
EndProject
Project("{2150E333-8FDC-42A3-9474-1A3956D46DE8}") = "WCFServiceADMDemo", "WCFServiceADMDemo", "{F0D01049-7D18-487A-9885-86E6676E326A}"
EndProject
Project("{FAE04EC0-301F-11D3-BF4B-00C04F79EFBC}") = "WCFServiceDemo", "WCFServiceDemo\WCFServiceDemo.csproj", "{DE3999DC-EB76-4445-8CE2-60F23A829A76}"
EndProject
Project("{FAE04EC0-301F-11D3-BF4B-00C04F79EFBC}") = "WCFClientDemo", "WCFClientDemo\WCFClientDemo.csproj", "{DB928D34-9C7C-438E-A1A5-297216A45032}"
	ProjectSection(ProjectDependencies) = postProject
		{DE3999DC-EB76-4445-8CE2-60F23A829A76} = {DE3999DC-EB76-4445-8CE2-60F23A829A76}
	EndProjectSection
EndProject
Project("{FAE04EC0-301F-11D3-BF4B-00C04F79EFBC}") = "DemoServiceInterface", "DemoServiceInterface\DemoServiceInterface.csproj", "{90D31336-E81F-466B-8349-2C6722746033}"
EndProject
Project("{2150E333-8FDC-42A3-9474-1A3956D46DE8}") = "Abstractions", "Abstractions", "{BE37EF40-52B4-473C-93AD-A478E9A482C6}"
EndProject
Project("{FAE04EC0-301F-11D3-BF4B-00C04F79EFBC}") = "ServiceLayerABS_Completed", "Abstractions\ServiceLayerABS_Completed\ServiceLayerABS_Completed.csproj", "{92451B64-CB7D-4240-9982-3D7AD9823872}"
EndProject
Global
	GlobalSection(SolutionConfigurationPlatforms) = preSolution
		Debug|Any CPU = Debug|Any CPU
		Debug|Mixed Platforms = Debug|Mixed Platforms
		Debug|x86 = Debug|x86
		Release|Any CPU = Release|Any CPU
		Release|Mixed Platforms = Release|Mixed Platforms
		Release|x86 = Release|x86
	EndGlobalSection
	GlobalSection(ProjectConfigurationPlatforms) = postSolution
		{B898C2F7-F3ED-4D25-934C-04131CA15808}.Debug|Any CPU.ActiveCfg = Debug|Any CPU
		{B898C2F7-F3ED-4D25-934C-04131CA15808}.Debug|Any CPU.Build.0 = Debug|Any CPU
		{B898C2F7-F3ED-4D25-934C-04131CA15808}.Debug|Mixed Platforms.ActiveCfg = Debug|Any CPU
		{B898C2F7-F3ED-4D25-934C-04131CA15808}.Debug|Mixed Platforms.Build.0 = Debug|Any CPU
		{B898C2F7-F3ED-4D25-934C-04131CA15808}.Debug|x86.ActiveCfg = Debug|Any CPU
		{B898C2F7-F3ED-4D25-934C-04131CA15808}.Release|Any CPU.ActiveCfg = Release|Any CPU
		{B898C2F7-F3ED-4D25-934C-04131CA15808}.Release|Any CPU.Build.0 = Release|Any CPU
		{B898C2F7-F3ED-4D25-934C-04131CA15808}.Release|Mixed Platforms.ActiveCfg = Release|Any CPU
		{B898C2F7-F3ED-4D25-934C-04131CA15808}.Release|Mixed Platforms.Build.0 = Release|Any CPU
		{B898C2F7-F3ED-4D25-934C-04131CA15808}.Release|x86.ActiveCfg = Release|Any CPU
		{DCFF0C76-64D8-4B16-81D2-C7DCF98AF22C}.Debug|Any CPU.ActiveCfg = Debug|Any CPU
		{DCFF0C76-64D8-4B16-81D2-C7DCF98AF22C}.Debug|Any CPU.Build.0 = Debug|Any CPU
		{DCFF0C76-64D8-4B16-81D2-C7DCF98AF22C}.Debug|Mixed Platforms.ActiveCfg = Debug|Any CPU
		{DCFF0C76-64D8-4B16-81D2-C7DCF98AF22C}.Debug|Mixed Platforms.Build.0 = Debug|Any CPU
		{DCFF0C76-64D8-4B16-81D2-C7DCF98AF22C}.Debug|x86.ActiveCfg = Debug|Any CPU
		{DCFF0C76-64D8-4B16-81D2-C7DCF98AF22C}.Release|Any CPU.ActiveCfg = Release|Any CPU
		{DCFF0C76-64D8-4B16-81D2-C7DCF98AF22C}.Release|Any CPU.Build.0 = Release|Any CPU
		{DCFF0C76-64D8-4B16-81D2-C7DCF98AF22C}.Release|Mixed Platforms.ActiveCfg = Release|Any CPU
		{DCFF0C76-64D8-4B16-81D2-C7DCF98AF22C}.Release|Mixed Platforms.Build.0 = Release|Any CPU
		{DCFF0C76-64D8-4B16-81D2-C7DCF98AF22C}.Release|x86.ActiveCfg = Release|Any CPU
		{C23084BC-0279-49C3-AFF7-95EC87CE54F3}.Debug|Any CPU.ActiveCfg = Debug|Any CPU
		{C23084BC-0279-49C3-AFF7-95EC87CE54F3}.Debug|Any CPU.Build.0 = Debug|Any CPU
		{C23084BC-0279-49C3-AFF7-95EC87CE54F3}.Debug|Mixed Platforms.ActiveCfg = Debug|Any CPU
		{C23084BC-0279-49C3-AFF7-95EC87CE54F3}.Debug|Mixed Platforms.Build.0 = Debug|Any CPU
		{C23084BC-0279-49C3-AFF7-95EC87CE54F3}.Debug|x86.ActiveCfg = Debug|Any CPU
		{C23084BC-0279-49C3-AFF7-95EC87CE54F3}.Release|Any CPU.ActiveCfg = Release|Any CPU
		{C23084BC-0279-49C3-AFF7-95EC87CE54F3}.Release|Any CPU.Build.0 = Release|Any CPU
		{C23084BC-0279-49C3-AFF7-95EC87CE54F3}.Release|Mixed Platforms.ActiveCfg = Release|Any CPU
		{C23084BC-0279-49C3-AFF7-95EC87CE54F3}.Release|Mixed Platforms.Build.0 = Release|Any CPU
		{C23084BC-0279-49C3-AFF7-95EC87CE54F3}.Release|x86.ActiveCfg = Release|Any CPU
		{5B49BA70-D877-49BF-8437-E709A6FFE9E1}.Debug|Any CPU.ActiveCfg = Debug|Any CPU
		{5B49BA70-D877-49BF-8437-E709A6FFE9E1}.Debug|Any CPU.Build.0 = Debug|Any CPU
		{5B49BA70-D877-49BF-8437-E709A6FFE9E1}.Debug|Mixed Platforms.ActiveCfg = Debug|Any CPU
		{5B49BA70-D877-49BF-8437-E709A6FFE9E1}.Debug|Mixed Platforms.Build.0 = Debug|Any CPU
		{5B49BA70-D877-49BF-8437-E709A6FFE9E1}.Debug|x86.ActiveCfg = Debug|Any CPU
		{5B49BA70-D877-49BF-8437-E709A6FFE9E1}.Release|Any CPU.ActiveCfg = Release|Any CPU
		{5B49BA70-D877-49BF-8437-E709A6FFE9E1}.Release|Any CPU.Build.0 = Release|Any CPU
		{5B49BA70-D877-49BF-8437-E709A6FFE9E1}.Release|Mixed Platforms.ActiveCfg = Release|Any CPU
		{5B49BA70-D877-49BF-8437-E709A6FFE9E1}.Release|Mixed Platforms.Build.0 = Release|Any CPU
		{5B49BA70-D877-49BF-8437-E709A6FFE9E1}.Release|x86.ActiveCfg = Release|Any CPU
		{DE3999DC-EB76-4445-8CE2-60F23A829A76}.Debug|Any CPU.ActiveCfg = Debug|Any CPU
		{DE3999DC-EB76-4445-8CE2-60F23A829A76}.Debug|Any CPU.Build.0 = Debug|Any CPU
		{DE3999DC-EB76-4445-8CE2-60F23A829A76}.Debug|Mixed Platforms.ActiveCfg = Debug|Any CPU
		{DE3999DC-EB76-4445-8CE2-60F23A829A76}.Debug|Mixed Platforms.Build.0 = Debug|Any CPU
		{DE3999DC-EB76-4445-8CE2-60F23A829A76}.Debug|x86.ActiveCfg = Debug|Any CPU
		{DE3999DC-EB76-4445-8CE2-60F23A829A76}.Release|Any CPU.ActiveCfg = Release|Any CPU
		{DE3999DC-EB76-4445-8CE2-60F23A829A76}.Release|Any CPU.Build.0 = Release|Any CPU
		{DE3999DC-EB76-4445-8CE2-60F23A829A76}.Release|Mixed Platforms.ActiveCfg = Release|Any CPU
		{DE3999DC-EB76-4445-8CE2-60F23A829A76}.Release|Mixed Platforms.Build.0 = Release|Any CPU
		{DE3999DC-EB76-4445-8CE2-60F23A829A76}.Release|x86.ActiveCfg = Release|Any CPU
		{DB928D34-9C7C-438E-A1A5-297216A45032}.Debug|Any CPU.ActiveCfg = Debug|x86
		{DB928D34-9C7C-438E-A1A5-297216A45032}.Debug|Mixed Platforms.ActiveCfg = Debug|x86
		{DB928D34-9C7C-438E-A1A5-297216A45032}.Debug|Mixed Platforms.Build.0 = Debug|x86
		{DB928D34-9C7C-438E-A1A5-297216A45032}.Debug|x86.ActiveCfg = Debug|x86
		{DB928D34-9C7C-438E-A1A5-297216A45032}.Debug|x86.Build.0 = Debug|x86
		{DB928D34-9C7C-438E-A1A5-297216A45032}.Release|Any CPU.ActiveCfg = Release|x86
		{DB928D34-9C7C-438E-A1A5-297216A45032}.Release|Mixed Platforms.ActiveCfg = Release|x86
		{DB928D34-9C7C-438E-A1A5-297216A45032}.Release|Mixed Platforms.Build.0 = Release|x86
		{DB928D34-9C7C-438E-A1A5-297216A45032}.Release|x86.ActiveCfg = Release|x86
		{DB928D34-9C7C-438E-A1A5-297216A45032}.Release|x86.Build.0 = Release|x86
		{90D31336-E81F-466B-8349-2C6722746033}.Debug|Any CPU.ActiveCfg = Debug|Any CPU
		{90D31336-E81F-466B-8349-2C6722746033}.Debug|Any CPU.Build.0 = Debug|Any CPU
		{90D31336-E81F-466B-8349-2C6722746033}.Debug|Mixed Platforms.ActiveCfg = Debug|Any CPU
		{90D31336-E81F-466B-8349-2C6722746033}.Debug|Mixed Platforms.Build.0 = Debug|Any CPU
		{90D31336-E81F-466B-8349-2C6722746033}.Debug|x86.ActiveCfg = Debug|Any CPU
		{90D31336-E81F-466B-8349-2C6722746033}.Release|Any CPU.ActiveCfg = Release|Any CPU
		{90D31336-E81F-466B-8349-2C6722746033}.Release|Any CPU.Build.0 = Release|Any CPU
		{90D31336-E81F-466B-8349-2C6722746033}.Release|Mixed Platforms.ActiveCfg = Release|Any CPU
		{90D31336-E81F-466B-8349-2C6722746033}.Release|Mixed Platforms.Build.0 = Release|Any CPU
		{90D31336-E81F-466B-8349-2C6722746033}.Release|x86.ActiveCfg = Release|Any CPU
		{92451B64-CB7D-4240-9982-3D7AD9823872}.Debug|Any CPU.ActiveCfg = Debug|Any CPU
		{92451B64-CB7D-4240-9982-3D7AD9823872}.Debug|Any CPU.Build.0 = Debug|Any CPU
		{92451B64-CB7D-4240-9982-3D7AD9823872}.Debug|Mixed Platforms.ActiveCfg = Debug|Any CPU
		{92451B64-CB7D-4240-9982-3D7AD9823872}.Debug|Mixed Platforms.Build.0 = Debug|Any CPU
		{92451B64-CB7D-4240-9982-3D7AD9823872}.Debug|x86.ActiveCfg = Debug|Any CPU
		{92451B64-CB7D-4240-9982-3D7AD9823872}.Release|Any CPU.ActiveCfg = Release|Any CPU
		{92451B64-CB7D-4240-9982-3D7AD9823872}.Release|Any CPU.Build.0 = Release|Any CPU
		{92451B64-CB7D-4240-9982-3D7AD9823872}.Release|Mixed Platforms.ActiveCfg = Release|Any CPU
		{92451B64-CB7D-4240-9982-3D7AD9823872}.Release|Mixed Platforms.Build.0 = Release|Any CPU
		{92451B64-CB7D-4240-9982-3D7AD9823872}.Release|x86.ActiveCfg = Release|Any CPU
	EndGlobalSection
	GlobalSection(SolutionProperties) = preSolution
		HideSolutionNode = FALSE
	EndGlobalSection
	GlobalSection(NestedProjects) = preSolution
		{B898C2F7-F3ED-4D25-934C-04131CA15808} = {D0EF7B40-E356-470F-886A-5AB58C98950A}
		{DCFF0C76-64D8-4B16-81D2-C7DCF98AF22C} = {D0EF7B40-E356-470F-886A-5AB58C98950A}
		{C23084BC-0279-49C3-AFF7-95EC87CE54F3} = {A9A6DA80-3E0B-4139-AC26-5BBEC4AA6EAB}
		{BE37EF40-52B4-473C-93AD-A478E9A482C6} = {F0D01049-7D18-487A-9885-86E6676E326A}
		{DE3999DC-EB76-4445-8CE2-60F23A829A76} = {F0D01049-7D18-487A-9885-86E6676E326A}
		{DB928D34-9C7C-438E-A1A5-297216A45032} = {F0D01049-7D18-487A-9885-86E6676E326A}
		{90D31336-E81F-466B-8349-2C6722746033} = {F0D01049-7D18-487A-9885-86E6676E326A}
		{5B49BA70-D877-49BF-8437-E709A6FFE9E1} = {BE37EF40-52B4-473C-93AD-A478E9A482C6}
		{92451B64-CB7D-4240-9982-3D7AD9823872} = {BE37EF40-52B4-473C-93AD-A478E9A482C6}
	EndGlobalSection
EndGlobal
