
Microsoft Visual Studio Solution File, Format Version 11.00
# Visual Studio 2010
Project("{2150E333-8FDC-42A3-9474-1A3956D46DE8}") = "Abstractions", "Abstractions", "{D0EF7B40-E356-470F-886A-5AB58C98950A}"
EndProject
Project("{FAE04EC0-301F-11D3-BF4B-00C04F79EFBC}") = "CommonInclude", "Abstractions\abscommon\CommonInclude\CommonInclude.csproj", "{B898C2F7-F3ED-4D25-934C-04131CA15808}"
EndProject
Global
	GlobalSection(SolutionConfigurationPlatforms) = preSolution
		Debug|Any CPU = Debug|Any CPU
		Debug|Mixed Platforms = Debug|Mixed Platforms
		Debug|x86 = Debug|x86
		Release|Any CPU = Release|Any CPU
		Release|Mixed Platforms = Release|Mixed Platforms
		Release|x86 = Release|x86
	EndGlobalSection
	GlobalSection(ProjectConfigurationPlatforms) = postSolution
		{B898C2F7-F3ED-4D25-934C-04131CA15808}.Debug|Any CPU.ActiveCfg = Debug|Any CPU
		{B898C2F7-F3ED-4D25-934C-04131CA15808}.Debug|Any CPU.Build.0 = Debug|Any CPU
		{B898C2F7-F3ED-4D25-934C-04131CA15808}.Debug|Mixed Platforms.ActiveCfg = Debug|Any CPU
		{B898C2F7-F3ED-4D25-934C-04131CA15808}.Debug|Mixed Platforms.Build.0 = Debug|Any CPU
		{B898C2F7-F3ED-4D25-934C-04131CA15808}.Debug|x86.ActiveCfg = Debug|Any CPU
		{B898C2F7-F3ED-4D25-934C-04131CA15808}.Release|Any CPU.ActiveCfg = Release|Any CPU
		{B898C2F7-F3ED-4D25-934C-04131CA15808}.Release|Any CPU.Build.0 = Release|Any CPU
		{B898C2F7-F3ED-4D25-934C-04131CA15808}.Release|Mixed Platforms.ActiveCfg = Release|Any CPU
		{B898C2F7-F3ED-4D25-934C-04131CA15808}.Release|Mixed Platforms.Build.0 = Release|Any CPU
		{B898C2F7-F3ED-4D25-934C-04131CA15808}.Release|x86.ActiveCfg = Release|Any CPU
	EndGlobalSection
	GlobalSection(SolutionProperties) = preSolution
		HideSolutionNode = FALSE
	EndGlobalSection
	GlobalSection(NestedProjects) = preSolution
		{B898C2F7-F3ED-4D25-934C-04131CA15808} = {D0EF7B40-E356-470F-886A-5AB58C98950A}
	EndGlobalSection
EndGlobal
