
Microsoft Visual Studio Solution File, Format Version 11.00
# Visual Studio 2010
Project("{FAE04EC0-301F-11D3-BF4B-00C04F79EFBC}") = "T4 Basics", "T4 Basics\T4 Basics.csproj", "{5EDDFD78-8217-4DCC-90BE-639E3C217F60}"
EndProject
Project("{FAE04EC0-301F-11D3-BF4B-00C04F79EFBC}") = "T4 Advanced", "T4 Advanced\T4 Advanced.csproj", "{F5A53737-2502-4111-B7A4-E60A4A32F0ED}"
EndProject
Project("{FAE04EC0-301F-11D3-BF4B-00C04F79EFBC}") = "T4 EntityFramework Custom Aspect", "T4 EntityFramework Custom Aspect\T4 EntityFramework Custom Aspect.csproj", "{D5B1AD33-62F7-4C6D-BBE4-6CD4C8C02FCD}"
EndProject
Global
	GlobalSection(SolutionConfigurationPlatforms) = preSolution
		Debug|Any CPU = Debug|Any CPU
		Debug|Mixed Platforms = Debug|Mixed Platforms
		Debug|x86 = Debug|x86
		Release|Any CPU = Release|Any CPU
		Release|Mixed Platforms = Release|Mixed Platforms
		Release|x86 = Release|x86
	EndGlobalSection
	GlobalSection(ProjectConfigurationPlatforms) = postSolution
		{5EDDFD78-8217-4DCC-90BE-639E3C217F60}.Debug|Any CPU.ActiveCfg = Debug|x86
		{5EDDFD78-8217-4DCC-90BE-639E3C217F60}.Debug|Mixed Platforms.ActiveCfg = Debug|x86
		{5EDDFD78-8217-4DCC-90BE-639E3C217F60}.Debug|Mixed Platforms.Build.0 = Debug|x86
		{5EDDFD78-8217-4DCC-90BE-639E3C217F60}.Debug|x86.ActiveCfg = Debug|x86
		{5EDDFD78-8217-4DCC-90BE-639E3C217F60}.Debug|x86.Build.0 = Debug|x86
		{5EDDFD78-8217-4DCC-90BE-639E3C217F60}.Release|Any CPU.ActiveCfg = Release|x86
		{5EDDFD78-8217-4DCC-90BE-639E3C217F60}.Release|Mixed Platforms.ActiveCfg = Release|x86
		{5EDDFD78-8217-4DCC-90BE-639E3C217F60}.Release|Mixed Platforms.Build.0 = Release|x86
		{5EDDFD78-8217-4DCC-90BE-639E3C217F60}.Release|x86.ActiveCfg = Release|x86
		{5EDDFD78-8217-4DCC-90BE-639E3C217F60}.Release|x86.Build.0 = Release|x86
		{F5A53737-2502-4111-B7A4-E60A4A32F0ED}.Debug|Any CPU.ActiveCfg = Debug|x86
		{F5A53737-2502-4111-B7A4-E60A4A32F0ED}.Debug|Mixed Platforms.ActiveCfg = Debug|x86
		{F5A53737-2502-4111-B7A4-E60A4A32F0ED}.Debug|Mixed Platforms.Build.0 = Debug|x86
		{F5A53737-2502-4111-B7A4-E60A4A32F0ED}.Debug|x86.ActiveCfg = Debug|x86
		{F5A53737-2502-4111-B7A4-E60A4A32F0ED}.Debug|x86.Build.0 = Debug|x86
		{F5A53737-2502-4111-B7A4-E60A4A32F0ED}.Release|Any CPU.ActiveCfg = Release|x86
		{F5A53737-2502-4111-B7A4-E60A4A32F0ED}.Release|Mixed Platforms.ActiveCfg = Release|x86
		{F5A53737-2502-4111-B7A4-E60A4A32F0ED}.Release|Mixed Platforms.Build.0 = Release|x86
		{F5A53737-2502-4111-B7A4-E60A4A32F0ED}.Release|x86.ActiveCfg = Release|x86
		{F5A53737-2502-4111-B7A4-E60A4A32F0ED}.Release|x86.Build.0 = Release|x86
		{D5B1AD33-62F7-4C6D-BBE4-6CD4C8C02FCD}.Debug|Any CPU.ActiveCfg = Debug|x86
		{D5B1AD33-62F7-4C6D-BBE4-6CD4C8C02FCD}.Debug|Mixed Platforms.ActiveCfg = Debug|x86
		{D5B1AD33-62F7-4C6D-BBE4-6CD4C8C02FCD}.Debug|Mixed Platforms.Build.0 = Debug|x86
		{D5B1AD33-62F7-4C6D-BBE4-6CD4C8C02FCD}.Debug|x86.ActiveCfg = Debug|x86
		{D5B1AD33-62F7-4C6D-BBE4-6CD4C8C02FCD}.Debug|x86.Build.0 = Debug|x86
		{D5B1AD33-62F7-4C6D-BBE4-6CD4C8C02FCD}.Release|Any CPU.ActiveCfg = Release|x86
		{D5B1AD33-62F7-4C6D-BBE4-6CD4C8C02FCD}.Release|Mixed Platforms.ActiveCfg = Release|x86
		{D5B1AD33-62F7-4C6D-BBE4-6CD4C8C02FCD}.Release|Mixed Platforms.Build.0 = Release|x86
		{D5B1AD33-62F7-4C6D-BBE4-6CD4C8C02FCD}.Release|x86.ActiveCfg = Release|x86
		{D5B1AD33-62F7-4C6D-BBE4-6CD4C8C02FCD}.Release|x86.Build.0 = Release|x86
	EndGlobalSection
	GlobalSection(SolutionProperties) = preSolution
		HideSolutionNode = FALSE
	EndGlobalSection
EndGlobal
